
Microsoft Visual Studio Solution File, Format Version 12.00
# Visual Studio Version 17
VisualStudioVersion = 17.1.32407.343
MinimumVisualStudioVersion = 10.0.40219.1
Project("{FAE04EC0-301F-11D3-BF4B-00C04F79EFBC}") = "Quản lý sinh viên", "LuongChungHoi\Quản lý sinh viên.csproj", "{34AE53F8-C4DA-4800-9CD8-0DCEF7A4C0B9}"
EndProject
Global
	GlobalSection(SolutionConfigurationPlatforms) = preSolution
		Debug|Any CPU = Debug|Any CPU
		Release|Any CPU = Release|Any CPU
	EndGlobalSection
	GlobalSection(ProjectConfigurationPlatforms) = postSolution
		{34AE53F8-C4DA-4800-9CD8-0DCEF7A4C0B9}.Debug|Any CPU.ActiveCfg = Debug|Any CPU
		{34AE53F8-C4DA-4800-9CD8-0DCEF7A4C0B9}.Debug|Any CPU.Build.0 = Debug|Any CPU
		{34AE53F8-C4DA-4800-9CD8-0DCEF7A4C0B9}.Release|Any CPU.ActiveCfg = Release|Any CPU
		{34AE53F8-C4DA-4800-9CD8-0DCEF7A4C0B9}.Release|Any CPU.Build.0 = Release|Any CPU
	EndGlobalSection
	GlobalSection(SolutionProperties) = preSolution
		HideSolutionNode = FALSE
	EndGlobalSection
	GlobalSection(ExtensibilityGlobals) = postSolution
		SolutionGuid = {2248DEE9-BF5F-43F6-84E2-69F4A760F64E}
	EndGlobalSection
EndGlobal
